
Microsoft Visual Studio Solution File, Format Version 12.00
# Visual Studio Version 16
VisualStudioVersion = 16.0.29609.76
MinimumVisualStudioVersion = 10.0.40219.1
Project("{9092AA53-FB77-4645-B42D-1CCCA6BD08BD}") = "skyline-bot", "skyline-bot.njsproj", "{B46D8695-F62E-4302-B2C6-438555C90566}"
EndProject
Global
	GlobalSection(SolutionConfigurationPlatforms) = preSolution
		Debug|Any CPU = Debug|Any CPU
		Release|Any CPU = Release|Any CPU
	EndGlobalSection
	GlobalSection(ProjectConfigurationPlatforms) = postSolution
		{B46D8695-F62E-4302-B2C6-438555C90566}.Debug|Any CPU.ActiveCfg = Debug|Any CPU
		{B46D8695-F62E-4302-B2C6-438555C90566}.Debug|Any CPU.Build.0 = Debug|Any CPU
		{B46D8695-F62E-4302-B2C6-438555C90566}.Release|Any CPU.ActiveCfg = Release|Any CPU
		{B46D8695-F62E-4302-B2C6-438555C90566}.Release|Any CPU.Build.0 = Release|Any CPU
	EndGlobalSection
	GlobalSection(SolutionProperties) = preSolution
		HideSolutionNode = FALSE
	EndGlobalSection
	GlobalSection(ExtensibilityGlobals) = postSolution
		SolutionGuid = {85151F13-CBA5-4F13-B226-93CE4A99E340}
	EndGlobalSection
EndGlobal
